// !$*UTF8*$!
{
	archiveVersion = 1;
	classes = {
	};
	objectVersion = 50;
	objects = {

/* Begin PBXBuildFile section */
		57D0D56C20C668A90089D8A7 /* AppDelegate.m in Sources */ = {isa = PBXBuildFile; fileRef = 57D0D56B20C668A90089D8A7 /* AppDelegate.m */; };
		57D0D56F20C668A90089D8A7 /* ViewController.m in Sources */ = {isa = PBXBuildFile; fileRef = 57D0D56E20C668A90089D8A7 /* ViewController.m */; };
		57D0D57220C668A90089D8A7 /* Main.storyboard in Resources */ = {isa = PBXBuildFile; fileRef = 57D0D57020C668A90089D8A7 /* Main.storyboard */; };
		57D0D57420C668AB0089D8A7 /* Assets.xcassets in Resources */ = {isa = PBXBuildFile; fileRef = 57D0D57320C668AB0089D8A7 /* Assets.xcassets */; };
		57D0D57720C668AB0089D8A7 /* LaunchScreen.storyboard in Resources */ = {isa = PBXBuildFile; fileRef = 57D0D57520C668AB0089D8A7 /* LaunchScreen.storyboard */; };
		57D0D57A20C668AB0089D8A7 /* main.m in Sources */ = {isa = PBXBuildFile; fileRef = 57D0D57920C668AB0089D8A7 /* main.m */; };
		57D0D58420C668AB0089D8A7 /* DPLoadingTests.m in Sources */ = {isa = PBXBuildFile; fileRef = 57D0D58320C668AB0089D8A7 /* DPLoadingTests.m */; };
		57D0D58F20C668AB0089D8A7 /* DPLoadingUITests.m in Sources */ = {isa = PBXBuildFile; fileRef = 57D0D58E20C668AB0089D8A7 /* DPLoadingUITests.m */; };
		57D0D5A320C668F90089D8A7 /* UULoadingView.m in Sources */ = {isa = PBXBuildFile; fileRef = 57D0D59E20C668F90089D8A7 /* UULoadingView.m */; };
		57D0D5A420C668F90089D8A7 /* UIViewController+UULoading.m in Sources */ = {isa = PBXBuildFile; fileRef = 57D0D59F20C668F90089D8A7 /* UIViewController+UULoading.m */; };
		57D0D5A520C668F90089D8A7 /* UULoadAnimationManage.m in Sources */ = {isa = PBXBuildFile; fileRef = 57D0D5A120C668F90089D8A7 /* UULoadAnimationManage.m */; };
/* End PBXBuildFile section */

/* Begin PBXContainerItemProxy section */
		57D0D58020C668AB0089D8A7 /* PBXContainerItemProxy */ = {
			isa = PBXContainerItemProxy;
			containerPortal = 57D0D55F20C668A90089D8A7 /* Project object */;
			proxyType = 1;
			remoteGlobalIDString = 57D0D56620C668A90089D8A7;
			remoteInfo = DPLoading;
		};
		57D0D58B20C668AB0089D8A7 /* PBXContainerItemProxy */ = {
			isa = PBXContainerItemProxy;
			containerPortal = 57D0D55F20C668A90089D8A7 /* Project object */;
			proxyType = 1;
			remoteGlobalIDString = 57D0D56620C668A90089D8A7;
			remoteInfo = DPLoading;
		};
/* End PBXContainerItemProxy section */

/* Begin PBXFileReference section */
		57D0D56720C668A90089D8A7 /* DPLoading.app */ = {isa = PBXFileReference; explicitFileType = wrapper.application; includeInIndex = 0; path = DPLoading.app; sourceTree = BUILT_PRODUCTS_DIR; };
		57D0D56A20C668A90089D8A7 /* AppDelegate.h */ = {isa = PBXFileReference; lastKnownFileType = sourcecode.c.h; path = AppDelegate.h; sourceTree = "<group>"; };
		57D0D56B20C668A90089D8A7 /* AppDelegate.m */ = {isa = PBXFileReference; lastKnownFileType = sourcecode.c.objc; path = AppDelegate.m; sourceTree = "<group>"; };
		57D0D56D20C668A90089D8A7 /* ViewController.h */ = {isa = PBXFileReference; lastKnownFileType = sourcecode.c.h; path = ViewController.h; sourceTree = "<group>"; };
		57D0D56E20C668A90089D8A7 /* ViewController.m */ = {isa = PBXFileReference; lastKnownFileType = sourcecode.c.objc; path = ViewController.m; sourceTree = "<group>"; };
		57D0D57120C668A90089D8A7 /* Base */ = {isa = PBXFileReference; lastKnownFileType = file.storyboard; name = Base; path = Base.lproj/Main.storyboard; sourceTree = "<group>"; };
		57D0D57320C668AB0089D8A7 /* Assets.xcassets */ = {isa = PBXFileReference; lastKnownFileType = folder.assetcatalog; path = Assets.xcassets; sourceTree = "<group>"; };
		57D0D57620C668AB0089D8A7 /* Base */ = {isa = PBXFileReference; lastKnownFileType = file.storyboard; name = Base; path = Base.lproj/LaunchScreen.storyboard; sourceTree = "<group>"; };
		57D0D57820C668AB0089D8A7 /* Info.plist */ = {isa = PBXFileReference; lastKnownFileType = text.plist.xml; path = Info.plist; sourceTree = "<group>"; };
		57D0D57920C668AB0089D8A7 /* main.m */ = {isa = PBXFileReference; lastKnownFileType = sourcecode.c.objc; path = main.m; sourceTree = "<group>"; };
		57D0D57F20C668AB0089D8A7 /* DPLoadingTests.xctest */ = {isa = PBXFileReference; explicitFileType = wrapper.cfbundle; includeInIndex = 0; path = DPLoadingTests.xctest; sourceTree = BUILT_PRODUCTS_DIR; };
		57D0D58320C668AB0089D8A7 /* DPLoadingTests.m */ = {isa = PBXFileReference; lastKnownFileType = sourcecode.c.objc; path = DPLoadingTests.m; sourceTree = "<group>"; };
		57D0D58520C668AB0089D8A7 /* Info.plist */ = {isa = PBXFileReference; lastKnownFileType = text.plist.xml; path = Info.plist; sourceTree = "<group>"; };
		57D0D58A20C668AB0089D8A7 /* DPLoadingUITests.xctest */ = {isa = PBXFileReference; explicitFileType = wrapper.cfbundle; includeInIndex = 0; path = DPLoadingUITests.xctest; sourceTree = BUILT_PRODUCTS_DIR; };
		57D0D58E20C668AB0089D8A7 /* DPLoadingUITests.m */ = {isa = PBXFileReference; lastKnownFileType = sourcecode.c.objc; path = DPLoadingUITests.m; sourceTree = "<group>"; };
		57D0D59020C668AB0089D8A7 /* Info.plist */ = {isa = PBXFileReference; lastKnownFileType = text.plist.xml; path = Info.plist; sourceTree = "<group>"; };
		57D0D59D20C668F90089D8A7 /* UULoadAnimationManage.h */ = {isa = PBXFileReference; fileEncoding = 4; lastKnownFileType = sourcecode.c.h; path = UULoadAnimationManage.h; sourceTree = "<group>"; };
		57D0D59E20C668F90089D8A7 /* UULoadingView.m */ = {isa = PBXFileReference; fileEncoding = 4; lastKnownFileType = sourcecode.c.objc; path = UULoadingView.m; sourceTree = "<group>"; };
		57D0D59F20C668F90089D8A7 /* UIViewController+UULoading.m */ = {isa = PBXFileReference; fileEncoding = 4; lastKnownFileType = sourcecode.c.objc; path = "UIViewController+UULoading.m"; sourceTree = "<group>"; };
		57D0D5A020C668F90089D8A7 /* UULoadingView.h */ = {isa = PBXFileReference; fileEncoding = 4; lastKnownFileType = sourcecode.c.h; path = UULoadingView.h; sourceTree = "<group>"; };
		57D0D5A120C668F90089D8A7 /* UULoadAnimationManage.m */ = {isa = PBXFileReference; fileEncoding = 4; lastKnownFileType = sourcecode.c.objc; path = UULoadAnimationManage.m; sourceTree = "<group>"; };
		57D0D5A220C668F90089D8A7 /* UIViewController+UULoading.h */ = {isa = PBXFileReference; fileEncoding = 4; lastKnownFileType = sourcecode.c.h; path = "UIViewController+UULoading.h"; sourceTree = "<group>"; };
/* End PBXFileReference section */

/* Begin PBXFrameworksBuildPhase section */
		57D0D56420C668A90089D8A7 /* Frameworks */ = {
			isa = PBXFrameworksBuildPhase;
			buildActionMask = 2147483647;
			files = (
			);
			runOnlyForDeploymentPostprocessing = 0;
		};
		57D0D57C20C668AB0089D8A7 /* Frameworks */ = {
			isa = PBXFrameworksBuildPhase;
			buildActionMask = 2147483647;
			files = (
			);
			runOnlyForDeploymentPostprocessing = 0;
		};
		57D0D58720C668AB0089D8A7 /* Frameworks */ = {
			isa = PBXFrameworksBuildPhase;
			buildActionMask = 2147483647;
			files = (
			);
			runOnlyForDeploymentPostprocessing = 0;
		};
/* End PBXFrameworksBuildPhase section */

/* Begin PBXGroup section */
		57D0D55E20C668A90089D8A7 = {
			isa = PBXGroup;
			children = (
				57D0D56920C668A90089D8A7 /* DPLoading */,
				57D0D58220C668AB0089D8A7 /* DPLoadingTests */,
				57D0D58D20C668AB0089D8A7 /* DPLoadingUITests */,
				57D0D56820C668A90089D8A7 /* Products */,
			);
			sourceTree = "<group>";
		};
		57D0D56820C668A90089D8A7 /* Products */ = {
			isa = PBXGroup;
			children = (
				57D0D56720C668A90089D8A7 /* DPLoading.app */,
				57D0D57F20C668AB0089D8A7 /* DPLoadingTests.xctest */,
				57D0D58A20C668AB0089D8A7 /* DPLoadingUITests.xctest */,
			);
			name = Products;
			sourceTree = "<group>";
		};
		57D0D56920C668A90089D8A7 /* DPLoading */ = {
			isa = PBXGroup;
			children = (
				57D0D59C20C668F90089D8A7 /* DPLoadAnimation */,
				57D0D56A20C668A90089D8A7 /* AppDelegate.h */,
				57D0D56B20C668A90089D8A7 /* AppDelegate.m */,
				57D0D56D20C668A90089D8A7 /* ViewController.h */,
				57D0D56E20C668A90089D8A7 /* ViewController.m */,
				57D0D57020C668A90089D8A7 /* Main.storyboard */,
				57D0D57320C668AB0089D8A7 /* Assets.xcassets */,
				57D0D57520C668AB0089D8A7 /* LaunchScreen.storyboard */,
				57D0D57820C668AB0089D8A7 /* Info.plist */,
				57D0D57920C668AB0089D8A7 /* main.m */,
			);
			path = DPLoading;
			sourceTree = "<group>";
		};
		57D0D58220C668AB0089D8A7 /* DPLoadingTests */ = {
			isa = PBXGroup;
			children = (
				57D0D58320C668AB0089D8A7 /* DPLoadingTests.m */,
				57D0D58520C668AB0089D8A7 /* Info.plist */,
			);
			path = DPLoadingTests;
			sourceTree = "<group>";
		};
		57D0D58D20C668AB0089D8A7 /* DPLoadingUITests */ = {
			isa = PBXGroup;
			children = (
				57D0D58E20C668AB0089D8A7 /* DPLoadingUITests.m */,
				57D0D59020C668AB0089D8A7 /* Info.plist */,
			);
			path = DPLoadingUITests;
			sourceTree = "<group>";
		};
		57D0D59C20C668F90089D8A7 /* DPLoadAnimation */ = {
			isa = PBXGroup;
			children = (
				57D0D5A220C668F90089D8A7 /* UIViewController+UULoading.h */,
				57D0D59F20C668F90089D8A7 /* UIViewController+UULoading.m */,
				57D0D59D20C668F90089D8A7 /* UULoadAnimationManage.h */,
				57D0D5A120C668F90089D8A7 /* UULoadAnimationManage.m */,
				57D0D5A020C668F90089D8A7 /* UULoadingView.h */,
				57D0D59E20C668F90089D8A7 /* UULoadingView.m */,
			);
			path = DPLoadAnimation;
			sourceTree = "<group>";
		};
/* End PBXGroup section */

/* Begin PBXNativeTarget section */
		57D0D56620C668A90089D8A7 /* DPLoading */ = {
			isa = PBXNativeTarget;
			buildConfigurationList = 57D0D59320C668AB0089D8A7 /* Build configuration list for PBXNativeTarget "DPLoading" */;
			buildPhases = (
				57D0D56320C668A90089D8A7 /* Sources */,
				57D0D56420C668A90089D8A7 /* Frameworks */,
				57D0D56520C668A90089D8A7 /* Resources */,
			);
			buildRules = (
			);
			dependencies = (
			);
			name = DPLoading;
			productName = DPLoading;
			productReference = 57D0D56720C668A90089D8A7 /* DPLoading.app */;
			productType = "com.apple.product-type.application";
		};
		57D0D57E20C668AB0089D8A7 /* DPLoadingTests */ = {
			isa = PBXNativeTarget;
			buildConfigurationList = 57D0D59620C668AB0089D8A7 /* Build configuration list for PBXNativeTarget "DPLoadingTests" */;
			buildPhases = (
				57D0D57B20C668AB0089D8A7 /* Sources */,
				57D0D57C20C668AB0089D8A7 /* Frameworks */,
				57D0D57D20C668AB0089D8A7 /* Resources */,
			);
			buildRules = (
			);
			dependencies = (
				57D0D58120C668AB0089D8A7 /* PBXTargetDependency */,
			);
			name = DPLoadingTests;
			productName = DPLoadingTests;
			productReference = 57D0D57F20C668AB0089D8A7 /* DPLoadingTests.xctest */;
			productType = "com.apple.product-type.bundle.unit-test";
		};
		57D0D58920C668AB0089D8A7 /* DPLoadingUITests */ = {
			isa = PBXNativeTarget;
			buildConfigurationList = 57D0D59920C668AB0089D8A7 /* Build configuration list for PBXNativeTarget "DPLoadingUITests" */;
			buildPhases = (
				57D0D58620C668AB0089D8A7 /* Sources */,
				57D0D58720C668AB0089D8A7 /* Frameworks */,
				57D0D58820C668AB0089D8A7 /* Resources */,
			);
			buildRules = (
			);
			dependencies = (
				57D0D58C20C668AB0089D8A7 /* PBXTargetDependency */,
			);
			name = DPLoadingUITests;
			productName = DPLoadingUITests;
			productReference = 57D0D58A20C668AB0089D8A7 /* DPLoadingUITests.xctest */;
			productType = "com.apple.product-type.bundle.ui-testing";
		};
/* End PBXNativeTarget section */

/* Begin PBXProject section */
		57D0D55F20C668A90089D8A7 /* Project object */ = {
			isa = PBXProject;
			attributes = {
				LastUpgradeCheck = 0930;
				ORGANIZATIONNAME = developeng;
				TargetAttributes = {
					57D0D56620C668A90089D8A7 = {
						CreatedOnToolsVersion = 9.3;
					};
					57D0D57E20C668AB0089D8A7 = {
						CreatedOnToolsVersion = 9.3;
						TestTargetID = 57D0D56620C668A90089D8A7;
					};
					57D0D58920C668AB0089D8A7 = {
						CreatedOnToolsVersion = 9.3;
						TestTargetID = 57D0D56620C668A90089D8A7;
					};
				};
			};
			buildConfigurationList = 57D0D56220C668A90089D8A7 /* Build configuration list for PBXProject "DPLoading" */;
			compatibilityVersion = "Xcode 9.3";
			developmentRegion = en;
			hasScannedForEncodings = 0;
			knownRegions = (
				en,
				Base,
			);
			mainGroup = 57D0D55E20C668A90089D8A7;
			productRefGroup = 57D0D56820C668A90089D8A7 /* Products */;
			projectDirPath = "";
			projectRoot = "";
			targets = (
				57D0D56620C668A90089D8A7 /* DPLoading */,
				57D0D57E20C668AB0089D8A7 /* DPLoadingTests */,
				57D0D58920C668AB0089D8A7 /* DPLoadingUITests */,
			);
		};
/* End PBXProject section */

/* Begin PBXResourcesBuildPhase section */
		57D0D56520C668A90089D8A7 /* Resources */ = {
			isa = PBXResourcesBuildPhase;
			buildActionMask = 2147483647;
			files = (
				57D0D57720C668AB0089D8A7 /* LaunchScreen.storyboard in Resources */,
				57D0D57420C668AB0089D8A7 /* Assets.xcassets in Resources */,
				57D0D57220C668A90089D8A7 /* Main.storyboard in Resources */,
			);
			runOnlyForDeploymentPostprocessing = 0;
		};
		57D0D57D20C668AB0089D8A7 /* Resources */ = {
			isa = PBXResourcesBuildPhase;
			buildActionMask = 2147483647;
			files = (
			);
			runOnlyForDeploymentPostprocessing = 0;
		};
		57D0D58820C668AB0089D8A7 /* Resources */ = {
			isa = PBXResourcesBuildPhase;
			buildActionMask = 2147483647;
			files = (
			);
			runOnlyForDeploymentPostprocessing = 0;
		};
/* End PBXResourcesBuildPhase section */

/* Begin PBXSourcesBuildPhase section */
		57D0D56320C668A90089D8A7 /* Sources */ = {
			isa = PBXSourcesBuildPhase;
			buildActionMask = 2147483647;
			files = (
				57D0D56F20C668A90089D8A7 /* ViewController.m in Sources */,
				57D0D5A520C668F90089D8A7 /* UULoadAnimationManage.m in Sources */,
				57D0D5A320C668F90089D8A7 /* UULoadingView.m in Sources */,
				57D0D5A420C668F90089D8A7 /* UIViewController+UULoading.m in Sources */,
				57D0D57A20C668AB0089D8A7 /* main.m in Sources */,
				57D0D56C20C668A90089D8A7 /* AppDelegate.m in Sources */,
			);
			runOnlyForDeploymentPostprocessing = 0;
		};
		57D0D57B20C668AB0089D8A7 /* Sources */ = {
			isa = PBXSourcesBuildPhase;
			buildActionMask = 2147483647;
			files = (
				57D0D58420C668AB0089D8A7 /* DPLoadingTests.m in Sources */,
			);
			runOnlyForDeploymentPostprocessing = 0;
		};
		57D0D58620C668AB0089D8A7 /* Sources */ = {
			isa = PBXSourcesBuildPhase;
			buildActionMask = 2147483647;
			files = (
				57D0D58F20C668AB0089D8A7 /* DPLoadingUITests.m in Sources */,
			);
			runOnlyForDeploymentPostprocessing = 0;
		};
/* End PBXSourcesBuildPhase section */

/* Begin PBXTargetDependency section */
		57D0D58120C668AB0089D8A7 /* PBXTargetDependency */ = {
			isa = PBXTargetDependency;
			target = 57D0D56620C668A90089D8A7 /* DPLoading */;
			targetProxy = 57D0D58020C668AB0089D8A7 /* PBXContainerItemProxy */;
		};
		57D0D58C20C668AB0089D8A7 /* PBXTargetDependency */ = {
			isa = PBXTargetDependency;
			target = 57D0D56620C668A90089D8A7 /* DPLoading */;
			targetProxy = 57D0D58B20C668AB0089D8A7 /* PBXContainerItemProxy */;
		};
/* End PBXTargetDependency section */

/* Begin PBXVariantGroup section */
		57D0D57020C668A90089D8A7 /* Main.storyboard */ = {
			isa = PBXVariantGroup;
			children = (
				57D0D57120C668A90089D8A7 /* Base */,
			);
			name = Main.storyboard;
			sourceTree = "<group>";
		};
		57D0D57520C668AB0089D8A7 /* LaunchScreen.storyboard */ = {
			isa = PBXVariantGroup;
			children = (
				57D0D57620C668AB0089D8A7 /* Base */,
			);
			name = LaunchScreen.storyboard;
			sourceTree = "<group>";
		};
/* End PBXVariantGroup section */

/* Begin XCBuildConfiguration section */
		57D0D59120C668AB0089D8A7 /* Debug */ = {
			isa = XCBuildConfiguration;
			buildSettings = {
				ALWAYS_SEARCH_USER_PATHS = NO;
				CLANG_ANALYZER_NONNULL = YES;
				CLANG_ANALYZER_NUMBER_OBJECT_CONVERSION = YES_AGGRESSIVE;
				CLANG_CXX_LANGUAGE_STANDARD = "gnu++14";
				CLANG_CXX_LIBRARY = "libc++";
				CLANG_ENABLE_MODULES = YES;
				CLANG_ENABLE_OBJC_ARC = YES;
				CLANG_ENABLE_OBJC_WEAK = YES;
				CLANG_WARN_BLOCK_CAPTURE_AUTORELEASING = YES;
				CLANG_WARN_BOOL_CONVERSION = YES;
				CLANG_WARN_COMMA = YES;
				CLANG_WARN_CONSTANT_CONVERSION = YES;
				CLANG_WARN_DEPRECATED_OBJC_IMPLEMENTATIONS = YES;
				CLANG_WARN_DIRECT_OBJC_ISA_USAGE = YES_ERROR;
				CLANG_WARN_DOCUMENTATION_COMMENTS = YES;
				CLANG_WARN_EMPTY_BODY = YES;
				CLANG_WARN_ENUM_CONVERSION = YES;
				CLANG_WARN_INFINITE_RECURSION = YES;
				CLANG_WARN_INT_CONVERSION = YES;
				CLANG_WARN_NON_LITERAL_NULL_CONVERSION = YES;
				CLANG_WARN_OBJC_IMPLICIT_RETAIN_SELF = YES;
				CLANG_WARN_OBJC_LITERAL_CONVERSION = YES;
				CLANG_WARN_OBJC_ROOT_CLASS = YES_ERROR;
				CLANG_WARN_RANGE_LOOP_ANALYSIS = YES;
				CLANG_WARN_STRICT_PROTOTYPES = YES;
				CLANG_WARN_SUSPICIOUS_MOVE = YES;
				CLANG_WARN_UNGUARDED_AVAILABILITY = YES_AGGRESSIVE;
				CLANG_WARN_UNREACHABLE_CODE = YES;
				CLANG_WARN__DUPLICATE_METHOD_MATCH = YES;
				CODE_SIGN_IDENTITY = "iPhone Developer";
				COPY_PHASE_STRIP = NO;
				DEBUG_INFORMATION_FORMAT = dwarf;
				ENABLE_STRICT_OBJC_MSGSEND = YES;
				ENABLE_TESTABILITY = YES;
				GCC_C_LANGUAGE_STANDARD = gnu11;
				GCC_DYNAMIC_NO_PIC = NO;
				GCC_NO_COMMON_BLOCKS = YES;
				GCC_OPTIMIZATION_LEVEL = 0;
				GCC_PREPROCESSOR_DEFINITIONS = (
					"DEBUG=1",
					"$(inherited)",
				);
				GCC_WARN_64_TO_32_BIT_CONVERSION = YES;
				GCC_WARN_ABOUT_RETURN_TYPE = YES_ERROR;
				GCC_WARN_UNDECLARED_SELECTOR = YES;
				GCC_WARN_UNINITIALIZED_AUTOS = YES_AGGRESSIVE;
				GCC_WARN_UNUSED_FUNCTION = YES;
				GCC_WARN_UNUSED_VARIABLE = YES;
				IPHONEOS_DEPLOYMENT_TARGET = 11.3;
				MTL_ENABLE_DEBUG_INFO = YES;
				ONLY_ACTIVE_ARCH = YES;
				SDKROOT = iphoneos;
			};
			name = Debug;
		};
		57D0D59220C668AB0089D8A7 /* Release */ = {
			isa = XCBuildConfiguration;
			buildSettings = {
				ALWAYS_SEARCH_USER_PATHS = NO;
				CLANG_ANALYZER_NONNULL = YES;
				CLANG_ANALYZER_NUMBER_OBJECT_CONVERSION = YES_AGGRESSIVE;
				CLANG_CXX_LANGUAGE_STANDARD = "gnu++14";
				CLANG_CXX_LIBRARY = "libc++";
				CLANG_ENABLE_MODULES = YES;
				CLANG_ENABLE_OBJC_ARC = YES;
				CLANG_ENABLE_OBJC_WEAK = YES;
				CLANG_WARN_BLOCK_CAPTURE_AUTORELEASING = YES;
				CLANG_WARN_BOOL_CONVERSION = YES;
				CLANG_WARN_COMMA = YES;
				CLANG_WARN_CONSTANT_CONVERSION = YES;
				CLANG_WARN_DEPRECATED_OBJC_IMPLEMENTATIONS = YES;
				CLANG_WARN_DIRECT_OBJC_ISA_USAGE = YES_ERROR;
				CLANG_WARN_DOCUMENTATION_COMMENTS = YES;
				CLANG_WARN_EMPTY_BODY = YES;
				CLANG_WARN_ENUM_CONVERSION = YES;
				CLANG_WARN_INFINITE_RECURSION = YES;
				CLANG_WARN_INT_CONVERSION = YES;
				CLANG_WARN_NON_LITERAL_NULL_CONVERSION = YES;
				CLANG_WARN_OBJC_IMPLICIT_RETAIN_SELF = YES;
				CLANG_WARN_OBJC_LITERAL_CONVERSION = YES;
				CLANG_WARN_OBJC_ROOT_CLASS = YES_ERROR;
				CLANG_WARN_RANGE_LOOP_ANALYSIS = YES;
				CLANG_WARN_STRICT_PROTOTYPES = YES;
				CLANG_WARN_SUSPICIOUS_MOVE = YES;
				CLANG_WARN_UNGUARDED_AVAILABILITY = YES_AGGRESSIVE;
				CLANG_WARN_UNREACHABLE_CODE = YES;
				CLANG_WARN__DUPLICATE_METHOD_MATCH = YES;
				CODE_SIGN_IDENTITY = "iPhone Developer";
				COPY_PHASE_STRIP = NO;
				DEBUG_INFORMATION_FORMAT = "dwarf-with-dsym";
				ENABLE_NS_ASSERTIONS = NO;
				ENABLE_STRICT_OBJC_MSGSEND = YES;
				GCC_C_LANGUAGE_STANDARD = gnu11;
				GCC_NO_COMMON_BLOCKS = YES;
				GCC_WARN_64_TO_32_BIT_CONVERSION = YES;
				GCC_WARN_ABOUT_RETURN_TYPE = YES_ERROR;
				GCC_WARN_UNDECLARED_SELECTOR = YES;
				GCC_WARN_UNINITIALIZED_AUTOS = YES_AGGRESSIVE;
				GCC_WARN_UNUSED_FUNCTION = YES;
				GCC_WARN_UNUSED_VARIABLE = YES;
				IPHONEOS_DEPLOYMENT_TARGET = 11.3;
				MTL_ENABLE_DEBUG_INFO = NO;
				SDKROOT = iphoneos;
				VALIDATE_PRODUCT = YES;
			};
			name = Release;
		};
		57D0D59420C668AB0089D8A7 /* Debug */ = {
			isa = XCBuildConfiguration;
			buildSettings = {
				ASSETCATALOG_COMPILER_APPICON_NAME = AppIcon;
				CODE_SIGN_STYLE = Automatic;
				INFOPLIST_FILE = DPLoading/Info.plist;
				LD_RUNPATH_SEARCH_PATHS = (
					"$(inherited)",
					"@executable_path/Frameworks",
				);
				PRODUCT_BUNDLE_IDENTIFIER = developeng.DPLoading;
				PRODUCT_NAME = "$(TARGET_NAME)";
				TARGETED_DEVICE_FAMILY = "1,2";
			};
			name = Debug;
		};
		57D0D59520C668AB0089D8A7 /* Release */ = {
			isa = XCBuildConfiguration;
			buildSettings = {
				ASSETCATALOG_COMPILER_APPICON_NAME = AppIcon;
				CODE_SIGN_STYLE = Automatic;
				INFOPLIST_FILE = DPLoading/Info.plist;
				LD_RUNPATH_SEARCH_PATHS = (
					"$(inherited)",
					"@executable_path/Frameworks",
				);
				PRODUCT_BUNDLE_IDENTIFIER = developeng.DPLoading;
				PRODUCT_NAME = "$(TARGET_NAME)";
				TARGETED_DEVICE_FAMILY = "1,2";
			};
			name = Release;
		};
		57D0D59720C668AB0089D8A7 /* Debug */ = {
			isa = XCBuildConfiguration;
			buildSettings = {
				BUNDLE_LOADER = "$(TEST_HOST)";
				CODE_SIGN_STYLE = Automatic;
				INFOPLIST_FILE = DPLoadingTests/Info.plist;
				LD_RUNPATH_SEARCH_PATHS = (
					"$(inherited)",
					"@executable_path/Frameworks",
					"@loader_path/Frameworks",
				);
				PRODUCT_BUNDLE_IDENTIFIER = developeng.DPLoadingTests;
				PRODUCT_NAME = "$(TARGET_NAME)";
				TARGETED_DEVICE_FAMILY = "1,2";
				TEST_HOST = "$(BUILT_PRODUCTS_DIR)/DPLoading.app/DPLoading";
			};
			name = Debug;
		};
		57D0D59820C668AB0089D8A7 /* Release */ = {
			isa = XCBuildConfiguration;
			buildSettings = {
				BUNDLE_LOADER = "$(TEST_HOST)";
				CODE_SIGN_STYLE = Automatic;
				INFOPLIST_FILE = DPLoadingTests/Info.plist;
				LD_RUNPATH_SEARCH_PATHS = (
					"$(inherited)",
					"@executable_path/Frameworks",
					"@loader_path/Frameworks",
				);
				PRODUCT_BUNDLE_IDENTIFIER = developeng.DPLoadingTests;
				PRODUCT_NAME = "$(TARGET_NAME)";
				TARGETED_DEVICE_FAMILY = "1,2";
				TEST_HOST = "$(BUILT_PRODUCTS_DIR)/DPLoading.app/DPLoading";
			};
			name = Release;
		};
		57D0D59A20C668AB0089D8A7 /* Debug */ = {
			isa = XCBuildConfiguration;
			buildSettings = {
				CODE_SIGN_STYLE = Automatic;
				INFOPLIST_FILE = DPLoadingUITests/Info.plist;
				LD_RUNPATH_SEARCH_PATHS = (
					"$(inherited)",
					"@executable_path/Frameworks",
					"@loader_path/Frameworks",
				);
				PRODUCT_BUNDLE_IDENTIFIER = developeng.DPLoadingUITests;
				PRODUCT_NAME = "$(TARGET_NAME)";
				TARGETED_DEVICE_FAMILY = "1,2";
				TEST_TARGET_NAME = DPLoading;
			};
			name = Debug;
		};
		57D0D59B20C668AB0089D8A7 /* Release */ = {
			isa = XCBuildConfiguration;
			buildSettings = {
				CODE_SIGN_STYLE = Automatic;
				INFOPLIST_FILE = DPLoadingUITests/Info.plist;
				LD_RUNPATH_SEARCH_PATHS = (
					"$(inherited)",
					"@executable_path/Frameworks",
					"@loader_path/Frameworks",
				);
				PRODUCT_BUNDLE_IDENTIFIER = developeng.DPLoadingUITests;
				PRODUCT_NAME = "$(TARGET_NAME)";
				TARGETED_DEVICE_FAMILY = "1,2";
				TEST_TARGET_NAME = DPLoading;
			};
			name = Release;
		};
/* End XCBuildConfiguration section */

/* Begin XCConfigurationList section */
		57D0D56220C668A90089D8A7 /* Build configuration list for PBXProject "DPLoading" */ = {
			isa = XCConfigurationList;
			buildConfigurations = (
				57D0D59120C668AB0089D8A7 /* Debug */,
				57D0D59220C668AB0089D8A7 /* Release */,
			);
			defaultConfigurationIsVisible = 0;
			defaultConfigurationName = Release;
		};
		57D0D59320C668AB0089D8A7 /* Build configuration list for PBXNativeTarget "DPLoading" */ = {
			isa = XCConfigurationList;
			buildConfigurations = (
				57D0D59420C668AB0089D8A7 /* Debug */,
				57D0D59520C668AB0089D8A7 /* Release */,
			);
			defaultConfigurationIsVisible = 0;
			defaultConfigurationName = Release;
		};
		57D0D59620C668AB0089D8A7 /* Build configuration list for PBXNativeTarget "DPLoadingTests" */ = {
			isa = XCConfigurationList;
			buildConfigurations = (
				57D0D59720C668AB0089D8A7 /* Debug */,
				57D0D59820C668AB0089D8A7 /* Release */,
			);
			defaultConfigurationIsVisible = 0;
			defaultConfigurationName = Release;
		};
		57D0D59920C668AB0089D8A7 /* Build configuration list for PBXNativeTarget "DPLoadingUITests" */ = {
			isa = XCConfigurationList;
			buildConfigurations = (
				57D0D59A20C668AB0089D8A7 /* Debug */,
				57D0D59B20C668AB0089D8A7 /* Release */,
			);
			defaultConfigurationIsVisible = 0;
			defaultConfigurationName = Release;
		};
/* End XCConfigurationList section */
	};
	rootObject = 57D0D55F20C668A90089D8A7 /* Project object */;
}
